// !$*UTF8*$!
{
	archiveVersion = 1;
	classes = {
	};
	objectVersion = 46;
	objects = {

/* Begin PBXBuildFile section */
		84F376F81F41D3B300F05787 /* AppDelegate.swift in Sources */ = {isa = PBXBuildFile; fileRef = 84F376F71F41D3B300F05787 /* AppDelegate.swift */; };
		84F376FA1F41D3B300F05787 /* ViewController.swift in Sources */ = {isa = PBXBuildFile; fileRef = 84F376F91F41D3B300F05787 /* ViewController.swift */; };
		84F376FD1F41D3B300F05787 /* Main.storyboard in Resources */ = {isa = PBXBuildFile; fileRef = 84F376FB1F41D3B300F05787 /* Main.storyboard */; };
		84F376FF1F41D3B300F05787 /* Assets.xcassets in Resources */ = {isa = PBXBuildFile; fileRef = 84F376FE1F41D3B300F05787 /* Assets.xcassets */; };
		84F377021F41D3B300F05787 /* LaunchScreen.storyboard in Resources */ = {isa = PBXBuildFile; fileRef = 84F377001F41D3B300F05787 /* LaunchScreen.storyboard */; };
/* End PBXBuildFile section */

/* Begin PBXFileReference section */
		84F376F41F41D3B300F05787 /* TJSocial.app */ = {isa = PBXFileReference; explicitFileType = wrapper.application; includeInIndex = 0; path = TJSocial.app; sourceTree = BUILT_PRODUCTS_DIR; };
		84F376F71F41D3B300F05787 /* AppDelegate.swift */ = {isa = PBXFileReference; lastKnownFileType = sourcecode.swift; path = AppDelegate.swift; sourceTree = "<group>"; };
		84F376F91F41D3B300F05787 /* ViewController.swift */ = {isa = PBXFileReference; lastKnownFileType = sourcecode.swift; path = ViewController.swift; sourceTree = "<group>"; };
		84F376FC1F41D3B300F05787 /* Base */ = {isa = PBXFileReference; lastKnownFileType = file.storyboard; name = Base; path = Base.lproj/Main.storyboard; sourceTree = "<group>"; };
		84F376FE1F41D3B300F05787 /* Assets.xcassets */ = {isa = PBXFileReference; lastKnownFileType = folder.assetcatalog; path = Assets.xcassets; sourceTree = "<group>"; };
		84F377011F41D3B300F05787 /* Base */ = {isa = PBXFileReference; lastKnownFileType = file.storyboard; name = Base; path = Base.lproj/LaunchScreen.storyboard; sourceTree = "<group>"; };
		84F377031F41D3B300F05787 /* Info.plist */ = {isa = PBXFileReference; lastKnownFileType = text.plist.xml; path = Info.plist; sourceTree = "<group>"; };
/* End PBXFileReference section */

/* Begin PBXFrameworksBuildPhase section */
		84F376F11F41D3B300F05787 /* Frameworks */ = {
			isa = PBXFrameworksBuildPhase;
			buildActionMask = 2147483647;
			files = (
			);
			runOnlyForDeploymentPostprocessing = 0;
		};
/* End PBXFrameworksBuildPhase section */

/* Begin PBXGroup section */
		84F376EB1F41D3B200F05787 = {
			isa = PBXGroup;
			children = (
				84F376F61F41D3B300F05787 /* TJSocial */,
				84F376F51F41D3B300F05787 /* Products */,
			);
			sourceTree = "<group>";
		};
		84F376F51F41D3B300F05787 /* Products */ = {
			isa = PBXGroup;
			children = (
				84F376F41F41D3B300F05787 /* TJSocial.app */,
			);
			name = Products;
			sourceTree = "<group>";
		};
		84F376F61F41D3B300F05787 /* TJSocial */ = {
			isa = PBXGroup;
			children = (
				84F376F71F41D3B300F05787 /* AppDelegate.swift */,
				84F376F91F41D3B300F05787 /* ViewController.swift */,
				84F376FB1F41D3B300F05787 /* Main.storyboard */,
				84F376FE1F41D3B300F05787 /* Assets.xcassets */,
				84F377001F41D3B300F05787 /* LaunchScreen.storyboard */,
				84F377031F41D3B300F05787 /* Info.plist */,
			);
			path = TJSocial;
			sourceTree = "<group>";
		};
/* End PBXGroup section */

/* Begin PBXNativeTarget section */
		84F376F31F41D3B300F05787 /* TJSocial */ = {
			isa = PBXNativeTarget;
			buildConfigurationList = 84F377061F41D3B300F05787 /* Build configuration list for PBXNativeTarget "TJSocial" */;
			buildPhases = (
				84F376F01F41D3B300F05787 /* Sources */,
				84F376F11F41D3B300F05787 /* Frameworks */,
				84F376F21F41D3B300F05787 /* Resources */,
			);
			buildRules = (
			);
			dependencies = (
			);
			name = TJSocial;
			productName = TJSocial;
			productReference = 84F376F41F41D3B300F05787 /* TJSocial.app */;
			productType = "com.apple.product-type.application";
		};
/* End PBXNativeTarget section */

/* Begin PBXProject section */
		84F376EC1F41D3B200F05787 /* Project object */ = {
			isa = PBXProject;
			attributes = {
				LastSwiftUpdateCheck = 0830;
				LastUpgradeCheck = 0830;
				ORGANIZATIONNAME = TJSchoost;
				TargetAttributes = {
					84F376F31F41D3B300F05787 = {
						CreatedOnToolsVersion = 8.3.3;
						DevelopmentTeam = JE8VMAJF52;
						ProvisioningStyle = Automatic;
					};
				};
			};
			buildConfigurationList = 84F376EF1F41D3B200F05787 /* Build configuration list for PBXProject "TJSocial" */;
			compatibilityVersion = "Xcode 3.2";
			developmentRegion = English;
			hasScannedForEncodings = 0;
			knownRegions = (
				en,
				Base,
			);
			mainGroup = 84F376EB1F41D3B200F05787;
			productRefGroup = 84F376F51F41D3B300F05787 /* Products */;
			projectDirPath = "";
			projectRoot = "";
			targets = (
				84F376F31F41D3B300F05787 /* TJSocial */,
			);
		};
/* End PBXProject section */

/* Begin PBXResourcesBuildPhase section */
		84F376F21F41D3B300F05787 /* Resources */ = {
			isa = PBXResourcesBuildPhase;
			buildActionMask = 2147483647;
			files = (
				84F377021F41D3B300F05787 /* LaunchScreen.storyboard in Resources */,
				84F376FF1F41D3B300F05787 /* Assets.xcassets in Resources */,
				84F376FD1F41D3B300F05787 /* Main.storyboard in Resources */,
			);
			runOnlyForDeploymentPostprocessing = 0;
		};
/* End PBXResourcesBuildPhase section */

/* Begin PBXSourcesBuildPhase section */
		84F376F01F41D3B300F05787 /* Sources */ = {
			isa = PBXSourcesBuildPhase;
			buildActionMask = 2147483647;
			files = (
				84F376FA1F41D3B300F05787 /* ViewController.swift in Sources */,
				84F376F81F41D3B300F05787 /* AppDelegate.swift in Sources */,
			);
			runOnlyForDeploymentPostprocessing = 0;
		};
/* End PBXSourcesBuildPhase section */

/* Begin PBXVariantGroup section */
		84F376FB1F41D3B300F05787 /* Main.storyboard */ = {
			isa = PBXVariantGroup;
			children = (
				84F376FC1F41D3B300F05787 /* Base */,
			);
			name = Main.storyboard;
			sourceTree = "<group>";
		};
		84F377001F41D3B300F05787 /* LaunchScreen.storyboard */ = {
			isa = PBXVariantGroup;
			children = (
				84F377011F41D3B300F05787 /* Base */,
			);
			name = LaunchScreen.storyboard;
			sourceTree = "<group>";
		};
/* End PBXVariantGroup section */

/* Begin XCBuildConfiguration section */
		84F377041F41D3B300F05787 /* Debug */ = {
			isa = XCBuildConfiguration;
			buildSettings = {
				ALWAYS_SEARCH_USER_PATHS = NO;
				CLANG_ANALYZER_NONNULL = YES;
				CLANG_ANALYZER_NUMBER_OBJECT_CONVERSION = YES_AGGRESSIVE;
				CLANG_CXX_LANGUAGE_STANDARD = "gnu++0x";
				CLANG_CXX_LIBRARY = "libc++";
				CLANG_ENABLE_MODULES = YES;
				CLANG_ENABLE_OBJC_ARC = YES;
				CLANG_WARN_BOOL_CONVERSION = YES;
				CLANG_WARN_CONSTANT_CONVERSION = YES;
				CLANG_WARN_DIRECT_OBJC_ISA_USAGE = YES_ERROR;
				CLANG_WARN_DOCUMENTATION_COMMENTS = YES;
				CLANG_WARN_EMPTY_BODY = YES;
				CLANG_WARN_ENUM_CONVERSION = YES;
				CLANG_WARN_INFINITE_RECURSION = YES;
				CLANG_WARN_INT_CONVERSION = YES;
				CLANG_WARN_OBJC_ROOT_CLASS = YES_ERROR;
				CLANG_WARN_SUSPICIOUS_MOVE = YES;
				CLANG_WARN_UNREACHABLE_CODE = YES;
				CLANG_WARN__DUPLICATE_METHOD_MATCH = YES;
				"CODE_SIGN_IDENTITY[sdk=iphoneos*]" = "iPhone Developer";
				COPY_PHASE_STRIP = NO;
				DEBUG_INFORMATION_FORMAT = dwarf;
				ENABLE_STRICT_OBJC_MSGSEND = YES;
				ENABLE_TESTABILITY = YES;
				GCC_C_LANGUAGE_STANDARD = gnu99;
				GCC_DYNAMIC_NO_PIC = NO;
				GCC_NO_COMMON_BLOCKS = YES;
				GCC_OPTIMIZATION_LEVEL = 0;
				GCC_PREPROCESSOR_DEFINITIONS = (
					"DEBUG=1",
					"$(inherited)",
				);
				GCC_WARN_64_TO_32_BIT_CONVERSION = YES;
				GCC_WARN_ABOUT_RETURN_TYPE = YES_ERROR;
				GCC_WARN_UNDECLARED_SELECTOR = YES;
				GCC_WARN_UNINITIALIZED_AUTOS = YES_AGGRESSIVE;
				GCC_WARN_UNUSED_FUNCTION = YES;
				GCC_WARN_UNUSED_VARIABLE = YES;
				IPHONEOS_DEPLOYMENT_TARGET = 10.3;
				MTL_ENABLE_DEBUG_INFO = YES;
				ONLY_ACTIVE_ARCH = YES;
				SDKROOT = iphoneos;
				SWIFT_ACTIVE_COMPILATION_CONDITIONS = DEBUG;
				SWIFT_OPTIMIZATION_LEVEL = "-Onone";
				TARGETED_DEVICE_FAMILY = "1,2";
			};
			name = Debug;
		};
		84F377051F41D3B300F05787 /* Release */ = {
			isa = XCBuildConfiguration;
			buildSettings = {
				ALWAYS_SEARCH_USER_PATHS = NO;
				CLANG_ANALYZER_NONNULL = YES;
				CLANG_ANALYZER_NUMBER_OBJECT_CONVERSION = YES_AGGRESSIVE;
				CLANG_CXX_LANGUAGE_STANDARD = "gnu++0x";
				CLANG_CXX_LIBRARY = "libc++";
				CLANG_ENABLE_MODULES = YES;
				CLANG_ENABLE_OBJC_ARC = YES;
				CLANG_WARN_BOOL_CONVERSION = YES;
				CLANG_WARN_CONSTANT_CONVERSION = YES;
				CLANG_WARN_DIRECT_OBJC_ISA_USAGE = YES_ERROR;
				CLANG_WARN_DOCUMENTATION_COMMENTS = YES;
				CLANG_WARN_EMPTY_BODY = YES;
				CLANG_WARN_ENUM_CONVERSION = YES;
				CLANG_WARN_INFINITE_RECURSION = YES;
				CLANG_WARN_INT_CONVERSION = YES;
				CLANG_WARN_OBJC_ROOT_CLASS = YES_ERROR;
				CLANG_WARN_SUSPICIOUS_MOVE = YES;
				CLANG_WARN_UNREACHABLE_CODE = YES;
				CLANG_WARN__DUPLICATE_METHOD_MATCH = YES;
				"CODE_SIGN_IDENTITY[sdk=iphoneos*]" = "iPhone Developer";
				COPY_PHASE_STRIP = NO;
				DEBUG_INFORMATION_FORMAT = "dwarf-with-dsym";
				ENABLE_NS_ASSERTIONS = NO;
				ENABLE_STRICT_OBJC_MSGSEND = YES;
				GCC_C_LANGUAGE_STANDARD = gnu99;
				GCC_NO_COMMON_BLOCKS = YES;
				GCC_WARN_64_TO_32_BIT_CONVERSION = YES;
				GCC_WARN_ABOUT_RETURN_TYPE = YES_ERROR;
				GCC_WARN_UNDECLARED_SELECTOR = YES;
				GCC_WARN_UNINITIALIZED_AUTOS = YES_AGGRESSIVE;
				GCC_WARN_UNUSED_FUNCTION = YES;
				GCC_WARN_UNUSED_VARIABLE = YES;
				IPHONEOS_DEPLOYMENT_TARGET = 10.3;
				MTL_ENABLE_DEBUG_INFO = NO;
				SDKROOT = iphoneos;
				SWIFT_OPTIMIZATION_LEVEL = "-Owholemodule";
				TARGETED_DEVICE_FAMILY = "1,2";
				VALIDATE_PRODUCT = YES;
			};
			name = Release;
		};
		84F377071F41D3B300F05787 /* Debug */ = {
			isa = XCBuildConfiguration;
			buildSettings = {
				ASSETCATALOG_COMPILER_APPICON_NAME = AppIcon;
				DEVELOPMENT_TEAM = JE8VMAJF52;
				INFOPLIST_FILE = TJSocial/Info.plist;
				LD_RUNPATH_SEARCH_PATHS = "$(inherited) @executable_path/Frameworks";
				PRODUCT_BUNDLE_IDENTIFIER = com.tjschoost.TJSocial;
				PRODUCT_NAME = "$(TARGET_NAME)";
				SWIFT_VERSION = 3.0;
			};
			name = Debug;
		};
		84F377081F41D3B300F05787 /* Release */ = {
			isa = XCBuildConfiguration;
			buildSettings = {
				ASSETCATALOG_COMPILER_APPICON_NAME = AppIcon;
				DEVELOPMENT_TEAM = JE8VMAJF52;
				INFOPLIST_FILE = TJSocial/Info.plist;
				LD_RUNPATH_SEARCH_PATHS = "$(inherited) @executable_path/Frameworks";
				PRODUCT_BUNDLE_IDENTIFIER = com.tjschoost.TJSocial;
				PRODUCT_NAME = "$(TARGET_NAME)";
				SWIFT_VERSION = 3.0;
			};
			name = Release;
		};
/* End XCBuildConfiguration section */

/* Begin XCConfigurationList section */
		84F376EF1F41D3B200F05787 /* Build configuration list for PBXProject "TJSocial" */ = {
			isa = XCConfigurationList;
			buildConfigurations = (
				84F377041F41D3B300F05787 /* Debug */,
				84F377051F41D3B300F05787 /* Release */,
			);
			defaultConfigurationIsVisible = 0;
			defaultConfigurationName = Release;
		};
		84F377061F41D3B300F05787 /* Build configuration list for PBXNativeTarget "TJSocial" */ = {
			isa = XCConfigurationList;
			buildConfigurations = (
				84F377071F41D3B300F05787 /* Debug */,
				84F377081F41D3B300F05787 /* Release */,
			);
			defaultConfigurationIsVisible = 0;
		};
/* End XCConfigurationList section */
	};
	rootObject = 84F376EC1F41D3B200F05787 /* Project object */;
}
