// !$*UTF8*$!
{
	archiveVersion = 1;
	classes = {
	};
	objectVersion = 46;
	objects = {

/* Begin PBXBuildFile section */
		844ED2271F3E0983002E134E /* AppDelegate.swift in Sources */ = {isa = PBXBuildFile; fileRef = 844ED2261F3E0983002E134E /* AppDelegate.swift */; };
		844ED2291F3E0983002E134E /* ViewController.swift in Sources */ = {isa = PBXBuildFile; fileRef = 844ED2281F3E0983002E134E /* ViewController.swift */; };
		844ED22C1F3E0983002E134E /* Main.storyboard in Resources */ = {isa = PBXBuildFile; fileRef = 844ED22A1F3E0983002E134E /* Main.storyboard */; };
		844ED22E1F3E0983002E134E /* Assets.xcassets in Resources */ = {isa = PBXBuildFile; fileRef = 844ED22D1F3E0983002E134E /* Assets.xcassets */; };
		844ED2311F3E0983002E134E /* LaunchScreen.storyboard in Resources */ = {isa = PBXBuildFile; fileRef = 844ED22F1F3E0983002E134E /* LaunchScreen.storyboard */; };
		844ED2391F3E0AD1002E134E /* GoogleService-Info.plist in Resources */ = {isa = PBXBuildFile; fileRef = 844ED2381F3E0AD1002E134E /* GoogleService-Info.plist */; };
		844ED24C1F3E0D3D002E134E /* GeoFire.m in Sources */ = {isa = PBXBuildFile; fileRef = 844ED2431F3E0D3D002E134E /* GeoFire.m */; };
		844ED24D1F3E0D3D002E134E /* GFBase32Utils.m in Sources */ = {isa = PBXBuildFile; fileRef = 844ED2451F3E0D3D002E134E /* GFBase32Utils.m */; };
		844ED24E1F3E0D3D002E134E /* GFGeoHash.m in Sources */ = {isa = PBXBuildFile; fileRef = 844ED2471F3E0D3D002E134E /* GFGeoHash.m */; };
		844ED24F1F3E0D3D002E134E /* GFGeoHashQuery.m in Sources */ = {isa = PBXBuildFile; fileRef = 844ED2491F3E0D3D002E134E /* GFGeoHashQuery.m */; };
		844ED2501F3E0D3D002E134E /* GFQuery.m in Sources */ = {isa = PBXBuildFile; fileRef = 844ED24B1F3E0D3D002E134E /* GFQuery.m */; };
		844ED2591F3E4C5D002E134E /* PokeAnnotation.swift in Sources */ = {isa = PBXBuildFile; fileRef = 844ED2581F3E4C5D002E134E /* PokeAnnotation.swift */; };
		979F1AA844F96272869D14F6 /* Pods_PokeFinder.framework in Frameworks */ = {isa = PBXBuildFile; fileRef = 057C0365E95DD380B1C11A33 /* Pods_PokeFinder.framework */; };
/* End PBXBuildFile section */

/* Begin PBXFileReference section */
		057C0365E95DD380B1C11A33 /* Pods_PokeFinder.framework */ = {isa = PBXFileReference; explicitFileType = wrapper.framework; includeInIndex = 0; path = Pods_PokeFinder.framework; sourceTree = BUILT_PRODUCTS_DIR; };
		844ED2231F3E0983002E134E /* PokeFinder.app */ = {isa = PBXFileReference; explicitFileType = wrapper.application; includeInIndex = 0; path = PokeFinder.app; sourceTree = BUILT_PRODUCTS_DIR; };
		844ED2261F3E0983002E134E /* AppDelegate.swift */ = {isa = PBXFileReference; lastKnownFileType = sourcecode.swift; path = AppDelegate.swift; sourceTree = "<group>"; };
		844ED2281F3E0983002E134E /* ViewController.swift */ = {isa = PBXFileReference; lastKnownFileType = sourcecode.swift; path = ViewController.swift; sourceTree = "<group>"; };
		844ED22B1F3E0983002E134E /* Base */ = {isa = PBXFileReference; lastKnownFileType = file.storyboard; name = Base; path = Base.lproj/Main.storyboard; sourceTree = "<group>"; };
		844ED22D1F3E0983002E134E /* Assets.xcassets */ = {isa = PBXFileReference; lastKnownFileType = folder.assetcatalog; path = Assets.xcassets; sourceTree = "<group>"; };
		844ED2301F3E0983002E134E /* Base */ = {isa = PBXFileReference; lastKnownFileType = file.storyboard; name = Base; path = Base.lproj/LaunchScreen.storyboard; sourceTree = "<group>"; };
		844ED2321F3E0983002E134E /* Info.plist */ = {isa = PBXFileReference; lastKnownFileType = text.plist.xml; path = Info.plist; sourceTree = "<group>"; };
		844ED2381F3E0AD1002E134E /* GoogleService-Info.plist */ = {isa = PBXFileReference; fileEncoding = 4; lastKnownFileType = text.plist.xml; path = "GoogleService-Info.plist"; sourceTree = "<group>"; };
		844ED23C1F3E0D3D002E134E /* GeoFire.h */ = {isa = PBXFileReference; fileEncoding = 4; lastKnownFileType = sourcecode.c.h; path = GeoFire.h; sourceTree = "<group>"; };
		844ED23D1F3E0D3D002E134E /* GFCircleQuery.h */ = {isa = PBXFileReference; fileEncoding = 4; lastKnownFileType = sourcecode.c.h; path = GFCircleQuery.h; sourceTree = "<group>"; };
		844ED23E1F3E0D3D002E134E /* GFQuery.h */ = {isa = PBXFileReference; fileEncoding = 4; lastKnownFileType = sourcecode.c.h; path = GFQuery.h; sourceTree = "<group>"; };
		844ED23F1F3E0D3D002E134E /* GFRegionQuery.h */ = {isa = PBXFileReference; fileEncoding = 4; lastKnownFileType = sourcecode.c.h; path = GFRegionQuery.h; sourceTree = "<group>"; };
		844ED2401F3E0D3D002E134E /* GeoFire-Prefix.pch */ = {isa = PBXFileReference; fileEncoding = 4; lastKnownFileType = sourcecode.c.h; path = "GeoFire-Prefix.pch"; sourceTree = "<group>"; };
		844ED2421F3E0D3D002E134E /* GeoFire+Private.h */ = {isa = PBXFileReference; fileEncoding = 4; lastKnownFileType = sourcecode.c.h; path = "GeoFire+Private.h"; sourceTree = "<group>"; };
		844ED2431F3E0D3D002E134E /* GeoFire.m */ = {isa = PBXFileReference; fileEncoding = 4; lastKnownFileType = sourcecode.c.objc; path = GeoFire.m; sourceTree = "<group>"; };
		844ED2441F3E0D3D002E134E /* GFBase32Utils.h */ = {isa = PBXFileReference; fileEncoding = 4; lastKnownFileType = sourcecode.c.h; path = GFBase32Utils.h; sourceTree = "<group>"; };
		844ED2451F3E0D3D002E134E /* GFBase32Utils.m */ = {isa = PBXFileReference; fileEncoding = 4; lastKnownFileType = sourcecode.c.objc; path = GFBase32Utils.m; sourceTree = "<group>"; };
		844ED2461F3E0D3D002E134E /* GFGeoHash.h */ = {isa = PBXFileReference; fileEncoding = 4; lastKnownFileType = sourcecode.c.h; path = GFGeoHash.h; sourceTree = "<group>"; };
		844ED2471F3E0D3D002E134E /* GFGeoHash.m */ = {isa = PBXFileReference; fileEncoding = 4; lastKnownFileType = sourcecode.c.objc; path = GFGeoHash.m; sourceTree = "<group>"; };
		844ED2481F3E0D3D002E134E /* GFGeoHashQuery.h */ = {isa = PBXFileReference; fileEncoding = 4; lastKnownFileType = sourcecode.c.h; path = GFGeoHashQuery.h; sourceTree = "<group>"; };
		844ED2491F3E0D3D002E134E /* GFGeoHashQuery.m */ = {isa = PBXFileReference; fileEncoding = 4; lastKnownFileType = sourcecode.c.objc; path = GFGeoHashQuery.m; sourceTree = "<group>"; };
		844ED24A1F3E0D3D002E134E /* GFQuery+Private.h */ = {isa = PBXFileReference; fileEncoding = 4; lastKnownFileType = sourcecode.c.h; path = "GFQuery+Private.h"; sourceTree = "<group>"; };
		844ED24B1F3E0D3D002E134E /* GFQuery.m */ = {isa = PBXFileReference; fileEncoding = 4; lastKnownFileType = sourcecode.c.objc; path = GFQuery.m; sourceTree = "<group>"; };
		844ED2541F3E0E10002E134E /* PokeFinder-Bridging-Header.h */ = {isa = PBXFileReference; fileEncoding = 4; lastKnownFileType = sourcecode.c.h; path = "PokeFinder-Bridging-Header.h"; sourceTree = "<group>"; };
		844ED2581F3E4C5D002E134E /* PokeAnnotation.swift */ = {isa = PBXFileReference; fileEncoding = 4; lastKnownFileType = sourcecode.swift; path = PokeAnnotation.swift; sourceTree = "<group>"; };
		9F78D140B764B381FD7E74AD /* Pods-PokeFinder.debug.xcconfig */ = {isa = PBXFileReference; includeInIndex = 1; lastKnownFileType = text.xcconfig; name = "Pods-PokeFinder.debug.xcconfig"; path = "Pods/Target Support Files/Pods-PokeFinder/Pods-PokeFinder.debug.xcconfig"; sourceTree = "<group>"; };
		CC32D0F5BBC73FED32561969 /* Pods-PokeFinder.release.xcconfig */ = {isa = PBXFileReference; includeInIndex = 1; lastKnownFileType = text.xcconfig; name = "Pods-PokeFinder.release.xcconfig"; path = "Pods/Target Support Files/Pods-PokeFinder/Pods-PokeFinder.release.xcconfig"; sourceTree = "<group>"; };
/* End PBXFileReference section */

/* Begin PBXFrameworksBuildPhase section */
		844ED2201F3E0983002E134E /* Frameworks */ = {
			isa = PBXFrameworksBuildPhase;
			buildActionMask = 2147483647;
			files = (
				979F1AA844F96272869D14F6 /* Pods_PokeFinder.framework in Frameworks */,
			);
			runOnlyForDeploymentPostprocessing = 0;
		};
/* End PBXFrameworksBuildPhase section */

/* Begin PBXGroup section */
		3545E245CC4946D5D8F25181 /* Frameworks */ = {
			isa = PBXGroup;
			children = (
				057C0365E95DD380B1C11A33 /* Pods_PokeFinder.framework */,
			);
			name = Frameworks;
			sourceTree = "<group>";
		};
		844ED21A1F3E0983002E134E = {
			isa = PBXGroup;
			children = (
				844ED2251F3E0983002E134E /* PokeFinder */,
				844ED2241F3E0983002E134E /* Products */,
				FB79957CF6F2DC58F0AE9B70 /* Pods */,
				3545E245CC4946D5D8F25181 /* Frameworks */,
			);
			sourceTree = "<group>";
		};
		844ED2241F3E0983002E134E /* Products */ = {
			isa = PBXGroup;
			children = (
				844ED2231F3E0983002E134E /* PokeFinder.app */,
			);
			name = Products;
			sourceTree = "<group>";
		};
		844ED2251F3E0983002E134E /* PokeFinder */ = {
			isa = PBXGroup;
			children = (
				844ED2571F3E4C2A002E134E /* View */,
				844ED2561F3E4C25002E134E /* Model */,
				844ED2551F3E4C20002E134E /* Controller */,
				844ED23A1F3E0D3D002E134E /* GeoFire */,
				844ED2261F3E0983002E134E /* AppDelegate.swift */,
				844ED2541F3E0E10002E134E /* PokeFinder-Bridging-Header.h */,
				844ED22D1F3E0983002E134E /* Assets.xcassets */,
				844ED2321F3E0983002E134E /* Info.plist */,
				844ED2381F3E0AD1002E134E /* GoogleService-Info.plist */,
				844ED22A1F3E0983002E134E /* Main.storyboard */,
				844ED22F1F3E0983002E134E /* LaunchScreen.storyboard */,
			);
			path = PokeFinder;
			sourceTree = "<group>";
		};
		844ED23A1F3E0D3D002E134E /* GeoFire */ = {
			isa = PBXGroup;
			children = (
				844ED23B1F3E0D3D002E134E /* API */,
				844ED2401F3E0D3D002E134E /* GeoFire-Prefix.pch */,
				844ED2411F3E0D3D002E134E /* Implementation */,
			);
			path = GeoFire;
			sourceTree = "<group>";
		};
		844ED23B1F3E0D3D002E134E /* API */ = {
			isa = PBXGroup;
			children = (
				844ED23C1F3E0D3D002E134E /* GeoFire.h */,
				844ED23D1F3E0D3D002E134E /* GFCircleQuery.h */,
				844ED23E1F3E0D3D002E134E /* GFQuery.h */,
				844ED23F1F3E0D3D002E134E /* GFRegionQuery.h */,
			);
			path = API;
			sourceTree = "<group>";
		};
		844ED2411F3E0D3D002E134E /* Implementation */ = {
			isa = PBXGroup;
			children = (
				844ED2421F3E0D3D002E134E /* GeoFire+Private.h */,
				844ED2431F3E0D3D002E134E /* GeoFire.m */,
				844ED2441F3E0D3D002E134E /* GFBase32Utils.h */,
				844ED2451F3E0D3D002E134E /* GFBase32Utils.m */,
				844ED2461F3E0D3D002E134E /* GFGeoHash.h */,
				844ED2471F3E0D3D002E134E /* GFGeoHash.m */,
				844ED2481F3E0D3D002E134E /* GFGeoHashQuery.h */,
				844ED2491F3E0D3D002E134E /* GFGeoHashQuery.m */,
				844ED24A1F3E0D3D002E134E /* GFQuery+Private.h */,
				844ED24B1F3E0D3D002E134E /* GFQuery.m */,
			);
			path = Implementation;
			sourceTree = "<group>";
		};
		844ED2551F3E4C20002E134E /* Controller */ = {
			isa = PBXGroup;
			children = (
				844ED2281F3E0983002E134E /* ViewController.swift */,
			);
			name = Controller;
			sourceTree = "<group>";
		};
		844ED2561F3E4C25002E134E /* Model */ = {
			isa = PBXGroup;
			children = (
				844ED2581F3E4C5D002E134E /* PokeAnnotation.swift */,
			);
			name = Model;
			sourceTree = "<group>";
		};
		844ED2571F3E4C2A002E134E /* View */ = {
			isa = PBXGroup;
			children = (
			);
			name = View;
			sourceTree = "<group>";
		};
		FB79957CF6F2DC58F0AE9B70 /* Pods */ = {
			isa = PBXGroup;
			children = (
				9F78D140B764B381FD7E74AD /* Pods-PokeFinder.debug.xcconfig */,
				CC32D0F5BBC73FED32561969 /* Pods-PokeFinder.release.xcconfig */,
			);
			name = Pods;
			sourceTree = "<group>";
		};
/* End PBXGroup section */

/* Begin PBXNativeTarget section */
		844ED2221F3E0983002E134E /* PokeFinder */ = {
			isa = PBXNativeTarget;
			buildConfigurationList = 844ED2351F3E0983002E134E /* Build configuration list for PBXNativeTarget "PokeFinder" */;
			buildPhases = (
				837E292B00FF2266D5C80ED1 /* [CP] Check Pods Manifest.lock */,
				844ED21F1F3E0983002E134E /* Sources */,
				844ED2201F3E0983002E134E /* Frameworks */,
				844ED2211F3E0983002E134E /* Resources */,
				BD0183CACACA8D8172A94F2E /* [CP] Embed Pods Frameworks */,
				43B7ED33CDC1B79516E7733A /* [CP] Copy Pods Resources */,
			);
			buildRules = (
			);
			dependencies = (
			);
			name = PokeFinder;
			productName = PokeFinder;
			productReference = 844ED2231F3E0983002E134E /* PokeFinder.app */;
			productType = "com.apple.product-type.application";
		};
/* End PBXNativeTarget section */

/* Begin PBXProject section */
		844ED21B1F3E0983002E134E /* Project object */ = {
			isa = PBXProject;
			attributes = {
				LastSwiftUpdateCheck = 0830;
				LastUpgradeCheck = 0830;
				ORGANIZATIONNAME = TJSchoost;
				TargetAttributes = {
					844ED2221F3E0983002E134E = {
						CreatedOnToolsVersion = 8.3.3;
						DevelopmentTeam = JE8VMAJF52;
						ProvisioningStyle = Automatic;
					};
				};
			};
			buildConfigurationList = 844ED21E1F3E0983002E134E /* Build configuration list for PBXProject "PokeFinder" */;
			compatibilityVersion = "Xcode 3.2";
			developmentRegion = English;
			hasScannedForEncodings = 0;
			knownRegions = (
				en,
				Base,
			);
			mainGroup = 844ED21A1F3E0983002E134E;
			productRefGroup = 844ED2241F3E0983002E134E /* Products */;
			projectDirPath = "";
			projectRoot = "";
			targets = (
				844ED2221F3E0983002E134E /* PokeFinder */,
			);
		};
/* End PBXProject section */

/* Begin PBXResourcesBuildPhase section */
		844ED2211F3E0983002E134E /* Resources */ = {
			isa = PBXResourcesBuildPhase;
			buildActionMask = 2147483647;
			files = (
				844ED2311F3E0983002E134E /* LaunchScreen.storyboard in Resources */,
				844ED2391F3E0AD1002E134E /* GoogleService-Info.plist in Resources */,
				844ED22E1F3E0983002E134E /* Assets.xcassets in Resources */,
				844ED22C1F3E0983002E134E /* Main.storyboard in Resources */,
			);
			runOnlyForDeploymentPostprocessing = 0;
		};
/* End PBXResourcesBuildPhase section */

/* Begin PBXShellScriptBuildPhase section */
		43B7ED33CDC1B79516E7733A /* [CP] Copy Pods Resources */ = {
			isa = PBXShellScriptBuildPhase;
			buildActionMask = 2147483647;
			files = (
			);
			inputPaths = (
			);
			name = "[CP] Copy Pods Resources";
			outputPaths = (
			);
			runOnlyForDeploymentPostprocessing = 0;
			shellPath = /bin/sh;
			shellScript = "\"${SRCROOT}/Pods/Target Support Files/Pods-PokeFinder/Pods-PokeFinder-resources.sh\"\n";
			showEnvVarsInLog = 0;
		};
		837E292B00FF2266D5C80ED1 /* [CP] Check Pods Manifest.lock */ = {
			isa = PBXShellScriptBuildPhase;
			buildActionMask = 2147483647;
			files = (
			);
			inputPaths = (
				"${PODS_PODFILE_DIR_PATH}/Podfile.lock",
				"${PODS_ROOT}/Manifest.lock",
			);
			name = "[CP] Check Pods Manifest.lock";
			outputPaths = (
				"$(DERIVED_FILE_DIR)/Pods-PokeFinder-checkManifestLockResult.txt",
			);
			runOnlyForDeploymentPostprocessing = 0;
			shellPath = /bin/sh;
			shellScript = "diff \"${PODS_PODFILE_DIR_PATH}/Podfile.lock\" \"${PODS_ROOT}/Manifest.lock\" > /dev/null\nif [ $? != 0 ] ; then\n    # print error to STDERR\n    echo \"error: The sandbox is not in sync with the Podfile.lock. Run 'pod install' or update your CocoaPods installation.\" >&2\n    exit 1\nfi\n# This output is used by Xcode 'outputs' to avoid re-running this script phase.\necho \"SUCCESS\" > \"${SCRIPT_OUTPUT_FILE_0}\"\n";
			showEnvVarsInLog = 0;
		};
		BD0183CACACA8D8172A94F2E /* [CP] Embed Pods Frameworks */ = {
			isa = PBXShellScriptBuildPhase;
			buildActionMask = 2147483647;
			files = (
			);
			inputPaths = (
				"${SRCROOT}/Pods/Target Support Files/Pods-PokeFinder/Pods-PokeFinder-frameworks.sh",
				"${BUILT_PRODUCTS_DIR}/GoogleToolboxForMac/GoogleToolboxForMac.framework",
				"${BUILT_PRODUCTS_DIR}/nanopb/nanopb.framework",
			);
			name = "[CP] Embed Pods Frameworks";
			outputPaths = (
				"${TARGET_BUILD_DIR}/${FRAMEWORKS_FOLDER_PATH}/GoogleToolboxForMac.framework",
				"${TARGET_BUILD_DIR}/${FRAMEWORKS_FOLDER_PATH}/nanopb.framework",
			);
			runOnlyForDeploymentPostprocessing = 0;
			shellPath = /bin/sh;
			shellScript = "\"${SRCROOT}/Pods/Target Support Files/Pods-PokeFinder/Pods-PokeFinder-frameworks.sh\"\n";
			showEnvVarsInLog = 0;
		};
/* End PBXShellScriptBuildPhase section */

/* Begin PBXSourcesBuildPhase section */
		844ED21F1F3E0983002E134E /* Sources */ = {
			isa = PBXSourcesBuildPhase;
			buildActionMask = 2147483647;
			files = (
				844ED24D1F3E0D3D002E134E /* GFBase32Utils.m in Sources */,
				844ED2591F3E4C5D002E134E /* PokeAnnotation.swift in Sources */,
				844ED2291F3E0983002E134E /* ViewController.swift in Sources */,
				844ED24E1F3E0D3D002E134E /* GFGeoHash.m in Sources */,
				844ED2271F3E0983002E134E /* AppDelegate.swift in Sources */,
				844ED24C1F3E0D3D002E134E /* GeoFire.m in Sources */,
				844ED24F1F3E0D3D002E134E /* GFGeoHashQuery.m in Sources */,
				844ED2501F3E0D3D002E134E /* GFQuery.m in Sources */,
			);
			runOnlyForDeploymentPostprocessing = 0;
		};
/* End PBXSourcesBuildPhase section */

/* Begin PBXVariantGroup section */
		844ED22A1F3E0983002E134E /* Main.storyboard */ = {
			isa = PBXVariantGroup;
			children = (
				844ED22B1F3E0983002E134E /* Base */,
			);
			name = Main.storyboard;
			sourceTree = "<group>";
		};
		844ED22F1F3E0983002E134E /* LaunchScreen.storyboard */ = {
			isa = PBXVariantGroup;
			children = (
				844ED2301F3E0983002E134E /* Base */,
			);
			name = LaunchScreen.storyboard;
			sourceTree = "<group>";
		};
/* End PBXVariantGroup section */

/* Begin XCBuildConfiguration section */
		844ED2331F3E0983002E134E /* Debug */ = {
			isa = XCBuildConfiguration;
			buildSettings = {
				ALWAYS_SEARCH_USER_PATHS = NO;
				CLANG_ANALYZER_NONNULL = YES;
				CLANG_ANALYZER_NUMBER_OBJECT_CONVERSION = YES_AGGRESSIVE;
				CLANG_CXX_LANGUAGE_STANDARD = "gnu++0x";
				CLANG_CXX_LIBRARY = "libc++";
				CLANG_ENABLE_MODULES = YES;
				CLANG_ENABLE_OBJC_ARC = YES;
				CLANG_WARN_BOOL_CONVERSION = YES;
				CLANG_WARN_CONSTANT_CONVERSION = YES;
				CLANG_WARN_DIRECT_OBJC_ISA_USAGE = YES_ERROR;
				CLANG_WARN_DOCUMENTATION_COMMENTS = YES;
				CLANG_WARN_EMPTY_BODY = YES;
				CLANG_WARN_ENUM_CONVERSION = YES;
				CLANG_WARN_INFINITE_RECURSION = YES;
				CLANG_WARN_INT_CONVERSION = YES;
				CLANG_WARN_OBJC_ROOT_CLASS = YES_ERROR;
				CLANG_WARN_SUSPICIOUS_MOVE = YES;
				CLANG_WARN_UNREACHABLE_CODE = YES;
				CLANG_WARN__DUPLICATE_METHOD_MATCH = YES;
				"CODE_SIGN_IDENTITY[sdk=iphoneos*]" = "iPhone Developer";
				COPY_PHASE_STRIP = NO;
				DEBUG_INFORMATION_FORMAT = dwarf;
				ENABLE_STRICT_OBJC_MSGSEND = YES;
				ENABLE_TESTABILITY = YES;
				GCC_C_LANGUAGE_STANDARD = gnu99;
				GCC_DYNAMIC_NO_PIC = NO;
				GCC_NO_COMMON_BLOCKS = YES;
				GCC_OPTIMIZATION_LEVEL = 0;
				GCC_PREPROCESSOR_DEFINITIONS = (
					"DEBUG=1",
					"$(inherited)",
				);
				GCC_WARN_64_TO_32_BIT_CONVERSION = YES;
				GCC_WARN_ABOUT_RETURN_TYPE = YES_ERROR;
				GCC_WARN_UNDECLARED_SELECTOR = YES;
				GCC_WARN_UNINITIALIZED_AUTOS = YES_AGGRESSIVE;
				GCC_WARN_UNUSED_FUNCTION = YES;
				GCC_WARN_UNUSED_VARIABLE = YES;
				IPHONEOS_DEPLOYMENT_TARGET = 10.3;
				MTL_ENABLE_DEBUG_INFO = YES;
				ONLY_ACTIVE_ARCH = YES;
				SDKROOT = iphoneos;
				SWIFT_ACTIVE_COMPILATION_CONDITIONS = DEBUG;
				SWIFT_OPTIMIZATION_LEVEL = "-Onone";
				TARGETED_DEVICE_FAMILY = "1,2";
			};
			name = Debug;
		};
		844ED2341F3E0983002E134E /* Release */ = {
			isa = XCBuildConfiguration;
			buildSettings = {
				ALWAYS_SEARCH_USER_PATHS = NO;
				CLANG_ANALYZER_NONNULL = YES;
				CLANG_ANALYZER_NUMBER_OBJECT_CONVERSION = YES_AGGRESSIVE;
				CLANG_CXX_LANGUAGE_STANDARD = "gnu++0x";
				CLANG_CXX_LIBRARY = "libc++";
				CLANG_ENABLE_MODULES = YES;
				CLANG_ENABLE_OBJC_ARC = YES;
				CLANG_WARN_BOOL_CONVERSION = YES;
				CLANG_WARN_CONSTANT_CONVERSION = YES;
				CLANG_WARN_DIRECT_OBJC_ISA_USAGE = YES_ERROR;
				CLANG_WARN_DOCUMENTATION_COMMENTS = YES;
				CLANG_WARN_EMPTY_BODY = YES;
				CLANG_WARN_ENUM_CONVERSION = YES;
				CLANG_WARN_INFINITE_RECURSION = YES;
				CLANG_WARN_INT_CONVERSION = YES;
				CLANG_WARN_OBJC_ROOT_CLASS = YES_ERROR;
				CLANG_WARN_SUSPICIOUS_MOVE = YES;
				CLANG_WARN_UNREACHABLE_CODE = YES;
				CLANG_WARN__DUPLICATE_METHOD_MATCH = YES;
				"CODE_SIGN_IDENTITY[sdk=iphoneos*]" = "iPhone Developer";
				COPY_PHASE_STRIP = NO;
				DEBUG_INFORMATION_FORMAT = "dwarf-with-dsym";
				ENABLE_NS_ASSERTIONS = NO;
				ENABLE_STRICT_OBJC_MSGSEND = YES;
				GCC_C_LANGUAGE_STANDARD = gnu99;
				GCC_NO_COMMON_BLOCKS = YES;
				GCC_WARN_64_TO_32_BIT_CONVERSION = YES;
				GCC_WARN_ABOUT_RETURN_TYPE = YES_ERROR;
				GCC_WARN_UNDECLARED_SELECTOR = YES;
				GCC_WARN_UNINITIALIZED_AUTOS = YES_AGGRESSIVE;
				GCC_WARN_UNUSED_FUNCTION = YES;
				GCC_WARN_UNUSED_VARIABLE = YES;
				IPHONEOS_DEPLOYMENT_TARGET = 10.3;
				MTL_ENABLE_DEBUG_INFO = NO;
				SDKROOT = iphoneos;
				SWIFT_OPTIMIZATION_LEVEL = "-Owholemodule";
				TARGETED_DEVICE_FAMILY = "1,2";
				VALIDATE_PRODUCT = YES;
			};
			name = Release;
		};
		844ED2361F3E0983002E134E /* Debug */ = {
			isa = XCBuildConfiguration;
			baseConfigurationReference = 9F78D140B764B381FD7E74AD /* Pods-PokeFinder.debug.xcconfig */;
			buildSettings = {
				ASSETCATALOG_COMPILER_APPICON_NAME = AppIcon;
				DEVELOPMENT_TEAM = JE8VMAJF52;
				INFOPLIST_FILE = PokeFinder/Info.plist;
				LD_RUNPATH_SEARCH_PATHS = "$(inherited) @executable_path/Frameworks";
				PRODUCT_BUNDLE_IDENTIFIER = com.tjschoost.PokeFinder;
				PRODUCT_NAME = "$(TARGET_NAME)";
				SWIFT_OBJC_BRIDGING_HEADER = "PokeFinder/PokeFinder-Bridging-Header.h";
				SWIFT_VERSION = 3.0;
			};
			name = Debug;
		};
		844ED2371F3E0983002E134E /* Release */ = {
			isa = XCBuildConfiguration;
			baseConfigurationReference = CC32D0F5BBC73FED32561969 /* Pods-PokeFinder.release.xcconfig */;
			buildSettings = {
				ASSETCATALOG_COMPILER_APPICON_NAME = AppIcon;
				DEVELOPMENT_TEAM = JE8VMAJF52;
				INFOPLIST_FILE = PokeFinder/Info.plist;
				LD_RUNPATH_SEARCH_PATHS = "$(inherited) @executable_path/Frameworks";
				PRODUCT_BUNDLE_IDENTIFIER = com.tjschoost.PokeFinder;
				PRODUCT_NAME = "$(TARGET_NAME)";
				SWIFT_OBJC_BRIDGING_HEADER = "PokeFinder/PokeFinder-Bridging-Header.h";
				SWIFT_VERSION = 3.0;
			};
			name = Release;
		};
/* End XCBuildConfiguration section */

/* Begin XCConfigurationList section */
		844ED21E1F3E0983002E134E /* Build configuration list for PBXProject "PokeFinder" */ = {
			isa = XCConfigurationList;
			buildConfigurations = (
				844ED2331F3E0983002E134E /* Debug */,
				844ED2341F3E0983002E134E /* Release */,
			);
			defaultConfigurationIsVisible = 0;
			defaultConfigurationName = Release;
		};
		844ED2351F3E0983002E134E /* Build configuration list for PBXNativeTarget "PokeFinder" */ = {
			isa = XCConfigurationList;
			buildConfigurations = (
				844ED2361F3E0983002E134E /* Debug */,
				844ED2371F3E0983002E134E /* Release */,
			);
			defaultConfigurationIsVisible = 0;
			defaultConfigurationName = Release;
		};
/* End XCConfigurationList section */
	};
	rootObject = 844ED21B1F3E0983002E134E /* Project object */;
}
