// !$*UTF8*$!
{
	archiveVersion = 1;
	classes = {
	};
	objectVersion = 46;
	objects = {

/* Begin PBXBuildFile section */
		84FB582E1F2A5C920004B1B7 /* AppDelegate.swift in Sources */ = {isa = PBXBuildFile; fileRef = 84FB582D1F2A5C920004B1B7 /* AppDelegate.swift */; };
		84FB58301F2A5C920004B1B7 /* ViewController.swift in Sources */ = {isa = PBXBuildFile; fileRef = 84FB582F1F2A5C920004B1B7 /* ViewController.swift */; };
		84FB58331F2A5C920004B1B7 /* Main.storyboard in Resources */ = {isa = PBXBuildFile; fileRef = 84FB58311F2A5C920004B1B7 /* Main.storyboard */; };
		84FB58351F2A5C920004B1B7 /* Assets.xcassets in Resources */ = {isa = PBXBuildFile; fileRef = 84FB58341F2A5C920004B1B7 /* Assets.xcassets */; };
		84FB58381F2A5C920004B1B7 /* LaunchScreen.storyboard in Resources */ = {isa = PBXBuildFile; fileRef = 84FB58361F2A5C920004B1B7 /* LaunchScreen.storyboard */; };
		84FB58451F2A5D470004B1B7 /* Person.swift in Sources */ = {isa = PBXBuildFile; fileRef = 84FB58441F2A5D470004B1B7 /* Person.swift */; };
		84FB58471F2A60060004B1B7 /* RoundedImageView.swift in Sources */ = {isa = PBXBuildFile; fileRef = 84FB58461F2A60060004B1B7 /* RoundedImageView.swift */; };
/* End PBXBuildFile section */

/* Begin PBXFileReference section */
		84FB582A1F2A5C920004B1B7 /* MVCTest.app */ = {isa = PBXFileReference; explicitFileType = wrapper.application; includeInIndex = 0; path = MVCTest.app; sourceTree = BUILT_PRODUCTS_DIR; };
		84FB582D1F2A5C920004B1B7 /* AppDelegate.swift */ = {isa = PBXFileReference; lastKnownFileType = sourcecode.swift; path = AppDelegate.swift; sourceTree = "<group>"; };
		84FB582F1F2A5C920004B1B7 /* ViewController.swift */ = {isa = PBXFileReference; lastKnownFileType = sourcecode.swift; path = ViewController.swift; sourceTree = "<group>"; };
		84FB58321F2A5C920004B1B7 /* Base */ = {isa = PBXFileReference; lastKnownFileType = file.storyboard; name = Base; path = Base.lproj/Main.storyboard; sourceTree = "<group>"; };
		84FB58341F2A5C920004B1B7 /* Assets.xcassets */ = {isa = PBXFileReference; lastKnownFileType = folder.assetcatalog; path = Assets.xcassets; sourceTree = "<group>"; };
		84FB58371F2A5C920004B1B7 /* Base */ = {isa = PBXFileReference; lastKnownFileType = file.storyboard; name = Base; path = Base.lproj/LaunchScreen.storyboard; sourceTree = "<group>"; };
		84FB58391F2A5C920004B1B7 /* Info.plist */ = {isa = PBXFileReference; lastKnownFileType = text.plist.xml; path = Info.plist; sourceTree = "<group>"; };
		84FB58441F2A5D470004B1B7 /* Person.swift */ = {isa = PBXFileReference; fileEncoding = 4; lastKnownFileType = sourcecode.swift; path = Person.swift; sourceTree = "<group>"; };
		84FB58461F2A60060004B1B7 /* RoundedImageView.swift */ = {isa = PBXFileReference; fileEncoding = 4; lastKnownFileType = sourcecode.swift; path = RoundedImageView.swift; sourceTree = "<group>"; };
/* End PBXFileReference section */

/* Begin PBXFrameworksBuildPhase section */
		84FB58271F2A5C920004B1B7 /* Frameworks */ = {
			isa = PBXFrameworksBuildPhase;
			buildActionMask = 2147483647;
			files = (
			);
			runOnlyForDeploymentPostprocessing = 0;
		};
/* End PBXFrameworksBuildPhase section */

/* Begin PBXGroup section */
		84FB58211F2A5C920004B1B7 = {
			isa = PBXGroup;
			children = (
				84FB582C1F2A5C920004B1B7 /* MVCTest */,
				84FB582B1F2A5C920004B1B7 /* Products */,
			);
			sourceTree = "<group>";
		};
		84FB582B1F2A5C920004B1B7 /* Products */ = {
			isa = PBXGroup;
			children = (
				84FB582A1F2A5C920004B1B7 /* MVCTest.app */,
			);
			name = Products;
			sourceTree = "<group>";
		};
		84FB582C1F2A5C920004B1B7 /* MVCTest */ = {
			isa = PBXGroup;
			children = (
				84FB58431F2A5D1D0004B1B7 /* Utilities */,
				84FB58421F2A5D150004B1B7 /* Resources */,
				84FB58411F2A5CF10004B1B7 /* View */,
				84FB58401F2A5CEA0004B1B7 /* Model */,
				84FB583F1F2A5CE00004B1B7 /* Controller */,
				84FB582D1F2A5C920004B1B7 /* AppDelegate.swift */,
				84FB58311F2A5C920004B1B7 /* Main.storyboard */,
				84FB58341F2A5C920004B1B7 /* Assets.xcassets */,
				84FB58361F2A5C920004B1B7 /* LaunchScreen.storyboard */,
				84FB58391F2A5C920004B1B7 /* Info.plist */,
			);
			path = MVCTest;
			sourceTree = "<group>";
		};
		84FB583F1F2A5CE00004B1B7 /* Controller */ = {
			isa = PBXGroup;
			children = (
				84FB582F1F2A5C920004B1B7 /* ViewController.swift */,
			);
			name = Controller;
			sourceTree = "<group>";
		};
		84FB58401F2A5CEA0004B1B7 /* Model */ = {
			isa = PBXGroup;
			children = (
				84FB58441F2A5D470004B1B7 /* Person.swift */,
			);
			name = Model;
			sourceTree = "<group>";
		};
		84FB58411F2A5CF10004B1B7 /* View */ = {
			isa = PBXGroup;
			children = (
				84FB58461F2A60060004B1B7 /* RoundedImageView.swift */,
			);
			name = View;
			sourceTree = "<group>";
		};
		84FB58421F2A5D150004B1B7 /* Resources */ = {
			isa = PBXGroup;
			children = (
			);
			name = Resources;
			sourceTree = "<group>";
		};
		84FB58431F2A5D1D0004B1B7 /* Utilities */ = {
			isa = PBXGroup;
			children = (
			);
			name = Utilities;
			sourceTree = "<group>";
		};
/* End PBXGroup section */

/* Begin PBXNativeTarget section */
		84FB58291F2A5C920004B1B7 /* MVCTest */ = {
			isa = PBXNativeTarget;
			buildConfigurationList = 84FB583C1F2A5C920004B1B7 /* Build configuration list for PBXNativeTarget "MVCTest" */;
			buildPhases = (
				84FB58261F2A5C920004B1B7 /* Sources */,
				84FB58271F2A5C920004B1B7 /* Frameworks */,
				84FB58281F2A5C920004B1B7 /* Resources */,
			);
			buildRules = (
			);
			dependencies = (
			);
			name = MVCTest;
			productName = MVCTest;
			productReference = 84FB582A1F2A5C920004B1B7 /* MVCTest.app */;
			productType = "com.apple.product-type.application";
		};
/* End PBXNativeTarget section */

/* Begin PBXProject section */
		84FB58221F2A5C920004B1B7 /* Project object */ = {
			isa = PBXProject;
			attributes = {
				LastSwiftUpdateCheck = 0820;
				LastUpgradeCheck = 0820;
				ORGANIZATIONNAME = TJSchoost;
				TargetAttributes = {
					84FB58291F2A5C920004B1B7 = {
						CreatedOnToolsVersion = 8.2.1;
						ProvisioningStyle = Automatic;
					};
				};
			};
			buildConfigurationList = 84FB58251F2A5C920004B1B7 /* Build configuration list for PBXProject "MVCTest" */;
			compatibilityVersion = "Xcode 3.2";
			developmentRegion = English;
			hasScannedForEncodings = 0;
			knownRegions = (
				en,
				Base,
			);
			mainGroup = 84FB58211F2A5C920004B1B7;
			productRefGroup = 84FB582B1F2A5C920004B1B7 /* Products */;
			projectDirPath = "";
			projectRoot = "";
			targets = (
				84FB58291F2A5C920004B1B7 /* MVCTest */,
			);
		};
/* End PBXProject section */

/* Begin PBXResourcesBuildPhase section */
		84FB58281F2A5C920004B1B7 /* Resources */ = {
			isa = PBXResourcesBuildPhase;
			buildActionMask = 2147483647;
			files = (
				84FB58381F2A5C920004B1B7 /* LaunchScreen.storyboard in Resources */,
				84FB58351F2A5C920004B1B7 /* Assets.xcassets in Resources */,
				84FB58331F2A5C920004B1B7 /* Main.storyboard in Resources */,
			);
			runOnlyForDeploymentPostprocessing = 0;
		};
/* End PBXResourcesBuildPhase section */

/* Begin PBXSourcesBuildPhase section */
		84FB58261F2A5C920004B1B7 /* Sources */ = {
			isa = PBXSourcesBuildPhase;
			buildActionMask = 2147483647;
			files = (
				84FB58471F2A60060004B1B7 /* RoundedImageView.swift in Sources */,
				84FB58451F2A5D470004B1B7 /* Person.swift in Sources */,
				84FB58301F2A5C920004B1B7 /* ViewController.swift in Sources */,
				84FB582E1F2A5C920004B1B7 /* AppDelegate.swift in Sources */,
			);
			runOnlyForDeploymentPostprocessing = 0;
		};
/* End PBXSourcesBuildPhase section */

/* Begin PBXVariantGroup section */
		84FB58311F2A5C920004B1B7 /* Main.storyboard */ = {
			isa = PBXVariantGroup;
			children = (
				84FB58321F2A5C920004B1B7 /* Base */,
			);
			name = Main.storyboard;
			sourceTree = "<group>";
		};
		84FB58361F2A5C920004B1B7 /* LaunchScreen.storyboard */ = {
			isa = PBXVariantGroup;
			children = (
				84FB58371F2A5C920004B1B7 /* Base */,
			);
			name = LaunchScreen.storyboard;
			sourceTree = "<group>";
		};
/* End PBXVariantGroup section */

/* Begin XCBuildConfiguration section */
		84FB583A1F2A5C920004B1B7 /* Debug */ = {
			isa = XCBuildConfiguration;
			buildSettings = {
				ALWAYS_SEARCH_USER_PATHS = NO;
				CLANG_ANALYZER_NONNULL = YES;
				CLANG_CXX_LANGUAGE_STANDARD = "gnu++0x";
				CLANG_CXX_LIBRARY = "libc++";
				CLANG_ENABLE_MODULES = YES;
				CLANG_ENABLE_OBJC_ARC = YES;
				CLANG_WARN_BOOL_CONVERSION = YES;
				CLANG_WARN_CONSTANT_CONVERSION = YES;
				CLANG_WARN_DIRECT_OBJC_ISA_USAGE = YES_ERROR;
				CLANG_WARN_DOCUMENTATION_COMMENTS = YES;
				CLANG_WARN_EMPTY_BODY = YES;
				CLANG_WARN_ENUM_CONVERSION = YES;
				CLANG_WARN_INFINITE_RECURSION = YES;
				CLANG_WARN_INT_CONVERSION = YES;
				CLANG_WARN_OBJC_ROOT_CLASS = YES_ERROR;
				CLANG_WARN_SUSPICIOUS_MOVE = YES;
				CLANG_WARN_UNREACHABLE_CODE = YES;
				CLANG_WARN__DUPLICATE_METHOD_MATCH = YES;
				"CODE_SIGN_IDENTITY[sdk=iphoneos*]" = "iPhone Developer";
				COPY_PHASE_STRIP = NO;
				DEBUG_INFORMATION_FORMAT = dwarf;
				ENABLE_STRICT_OBJC_MSGSEND = YES;
				ENABLE_TESTABILITY = YES;
				GCC_C_LANGUAGE_STANDARD = gnu99;
				GCC_DYNAMIC_NO_PIC = NO;
				GCC_NO_COMMON_BLOCKS = YES;
				GCC_OPTIMIZATION_LEVEL = 0;
				GCC_PREPROCESSOR_DEFINITIONS = (
					"DEBUG=1",
					"$(inherited)",
				);
				GCC_WARN_64_TO_32_BIT_CONVERSION = YES;
				GCC_WARN_ABOUT_RETURN_TYPE = YES_ERROR;
				GCC_WARN_UNDECLARED_SELECTOR = YES;
				GCC_WARN_UNINITIALIZED_AUTOS = YES_AGGRESSIVE;
				GCC_WARN_UNUSED_FUNCTION = YES;
				GCC_WARN_UNUSED_VARIABLE = YES;
				IPHONEOS_DEPLOYMENT_TARGET = 10.2;
				MTL_ENABLE_DEBUG_INFO = YES;
				ONLY_ACTIVE_ARCH = YES;
				SDKROOT = iphoneos;
				SWIFT_ACTIVE_COMPILATION_CONDITIONS = DEBUG;
				SWIFT_OPTIMIZATION_LEVEL = "-Onone";
				TARGETED_DEVICE_FAMILY = "1,2";
			};
			name = Debug;
		};
		84FB583B1F2A5C920004B1B7 /* Release */ = {
			isa = XCBuildConfiguration;
			buildSettings = {
				ALWAYS_SEARCH_USER_PATHS = NO;
				CLANG_ANALYZER_NONNULL = YES;
				CLANG_CXX_LANGUAGE_STANDARD = "gnu++0x";
				CLANG_CXX_LIBRARY = "libc++";
				CLANG_ENABLE_MODULES = YES;
				CLANG_ENABLE_OBJC_ARC = YES;
				CLANG_WARN_BOOL_CONVERSION = YES;
				CLANG_WARN_CONSTANT_CONVERSION = YES;
				CLANG_WARN_DIRECT_OBJC_ISA_USAGE = YES_ERROR;
				CLANG_WARN_DOCUMENTATION_COMMENTS = YES;
				CLANG_WARN_EMPTY_BODY = YES;
				CLANG_WARN_ENUM_CONVERSION = YES;
				CLANG_WARN_INFINITE_RECURSION = YES;
				CLANG_WARN_INT_CONVERSION = YES;
				CLANG_WARN_OBJC_ROOT_CLASS = YES_ERROR;
				CLANG_WARN_SUSPICIOUS_MOVE = YES;
				CLANG_WARN_UNREACHABLE_CODE = YES;
				CLANG_WARN__DUPLICATE_METHOD_MATCH = YES;
				"CODE_SIGN_IDENTITY[sdk=iphoneos*]" = "iPhone Developer";
				COPY_PHASE_STRIP = NO;
				DEBUG_INFORMATION_FORMAT = "dwarf-with-dsym";
				ENABLE_NS_ASSERTIONS = NO;
				ENABLE_STRICT_OBJC_MSGSEND = YES;
				GCC_C_LANGUAGE_STANDARD = gnu99;
				GCC_NO_COMMON_BLOCKS = YES;
				GCC_WARN_64_TO_32_BIT_CONVERSION = YES;
				GCC_WARN_ABOUT_RETURN_TYPE = YES_ERROR;
				GCC_WARN_UNDECLARED_SELECTOR = YES;
				GCC_WARN_UNINITIALIZED_AUTOS = YES_AGGRESSIVE;
				GCC_WARN_UNUSED_FUNCTION = YES;
				GCC_WARN_UNUSED_VARIABLE = YES;
				IPHONEOS_DEPLOYMENT_TARGET = 10.2;
				MTL_ENABLE_DEBUG_INFO = NO;
				SDKROOT = iphoneos;
				SWIFT_OPTIMIZATION_LEVEL = "-Owholemodule";
				TARGETED_DEVICE_FAMILY = "1,2";
				VALIDATE_PRODUCT = YES;
			};
			name = Release;
		};
		84FB583D1F2A5C920004B1B7 /* Debug */ = {
			isa = XCBuildConfiguration;
			buildSettings = {
				ASSETCATALOG_COMPILER_APPICON_NAME = AppIcon;
				INFOPLIST_FILE = MVCTest/Info.plist;
				LD_RUNPATH_SEARCH_PATHS = "$(inherited) @executable_path/Frameworks";
				PRODUCT_BUNDLE_IDENTIFIER = com.tjschoost.MVCTest;
				PRODUCT_NAME = "$(TARGET_NAME)";
				SWIFT_VERSION = 3.0;
			};
			name = Debug;
		};
		84FB583E1F2A5C920004B1B7 /* Release */ = {
			isa = XCBuildConfiguration;
			buildSettings = {
				ASSETCATALOG_COMPILER_APPICON_NAME = AppIcon;
				INFOPLIST_FILE = MVCTest/Info.plist;
				LD_RUNPATH_SEARCH_PATHS = "$(inherited) @executable_path/Frameworks";
				PRODUCT_BUNDLE_IDENTIFIER = com.tjschoost.MVCTest;
				PRODUCT_NAME = "$(TARGET_NAME)";
				SWIFT_VERSION = 3.0;
			};
			name = Release;
		};
/* End XCBuildConfiguration section */

/* Begin XCConfigurationList section */
		84FB58251F2A5C920004B1B7 /* Build configuration list for PBXProject "MVCTest" */ = {
			isa = XCConfigurationList;
			buildConfigurations = (
				84FB583A1F2A5C920004B1B7 /* Debug */,
				84FB583B1F2A5C920004B1B7 /* Release */,
			);
			defaultConfigurationIsVisible = 0;
			defaultConfigurationName = Release;
		};
		84FB583C1F2A5C920004B1B7 /* Build configuration list for PBXNativeTarget "MVCTest" */ = {
			isa = XCConfigurationList;
			buildConfigurations = (
				84FB583D1F2A5C920004B1B7 /* Debug */,
				84FB583E1F2A5C920004B1B7 /* Release */,
			);
			defaultConfigurationIsVisible = 0;
		};
/* End XCConfigurationList section */
	};
	rootObject = 84FB58221F2A5C920004B1B7 /* Project object */;
}
